// !$*UTF8*$!
{
	archiveVersion = 1;
	classes = {
	};
	objectVersion = 48;
	objects = {

/* Begin PBXBuildFile section */
		B195D4EECF2C20C99FECE95C /* Pods_PhotosMaker.framework in Frameworks */ = {isa = PBXBuildFile; fileRef = 13B3A8015D158CD1099D12C0 /* Pods_PhotosMaker.framework */; };
		DE5692EE20415D64001B538E /* AppDelegate.swift in Sources */ = {isa = PBXBuildFile; fileRef = DE5692ED20415D64001B538E /* AppDelegate.swift */; };
		DE5692F020415D64001B538E /* ViewController.swift in Sources */ = {isa = PBXBuildFile; fileRef = DE5692EF20415D64001B538E /* ViewController.swift */; };
		DE5692F320415D64001B538E /* Main.storyboard in Resources */ = {isa = PBXBuildFile; fileRef = DE5692F120415D64001B538E /* Main.storyboard */; };
		DE5692F520415D64001B538E /* Assets.xcassets in Resources */ = {isa = PBXBuildFile; fileRef = DE5692F420415D64001B538E /* Assets.xcassets */; };
		DE5692F820415D64001B538E /* LaunchScreen.storyboard in Resources */ = {isa = PBXBuildFile; fileRef = DE5692F620415D64001B538E /* LaunchScreen.storyboard */; };
/* End PBXBuildFile section */

/* Begin PBXFileReference section */
		13B3A8015D158CD1099D12C0 /* Pods_PhotosMaker.framework */ = {isa = PBXFileReference; explicitFileType = wrapper.framework; includeInIndex = 0; path = Pods_PhotosMaker.framework; sourceTree = BUILT_PRODUCTS_DIR; };
		6F0C59B29C196137368A39E2 /* Pods-PhotosMaker.debug.xcconfig */ = {isa = PBXFileReference; includeInIndex = 1; lastKnownFileType = text.xcconfig; name = "Pods-PhotosMaker.debug.xcconfig"; path = "Pods/Target Support Files/Pods-PhotosMaker/Pods-PhotosMaker.debug.xcconfig"; sourceTree = "<group>"; };
		BB3D0B75FD9561C2328190FA /* Pods-PhotosMaker.release.xcconfig */ = {isa = PBXFileReference; includeInIndex = 1; lastKnownFileType = text.xcconfig; name = "Pods-PhotosMaker.release.xcconfig"; path = "Pods/Target Support Files/Pods-PhotosMaker/Pods-PhotosMaker.release.xcconfig"; sourceTree = "<group>"; };
		DE5692EA20415D64001B538E /* PhotosMaker.app */ = {isa = PBXFileReference; explicitFileType = wrapper.application; includeInIndex = 0; path = PhotosMaker.app; sourceTree = BUILT_PRODUCTS_DIR; };
		DE5692ED20415D64001B538E /* AppDelegate.swift */ = {isa = PBXFileReference; lastKnownFileType = sourcecode.swift; path = AppDelegate.swift; sourceTree = "<group>"; };
		DE5692EF20415D64001B538E /* ViewController.swift */ = {isa = PBXFileReference; lastKnownFileType = sourcecode.swift; path = ViewController.swift; sourceTree = "<group>"; };
		DE5692F220415D64001B538E /* Base */ = {isa = PBXFileReference; lastKnownFileType = file.storyboard; name = Base; path = Base.lproj/Main.storyboard; sourceTree = "<group>"; };
		DE5692F420415D64001B538E /* Assets.xcassets */ = {isa = PBXFileReference; lastKnownFileType = folder.assetcatalog; path = Assets.xcassets; sourceTree = "<group>"; };
		DE5692F720415D64001B538E /* Base */ = {isa = PBXFileReference; lastKnownFileType = file.storyboard; name = Base; path = Base.lproj/LaunchScreen.storyboard; sourceTree = "<group>"; };
		DE5692F920415D64001B538E /* Info.plist */ = {isa = PBXFileReference; lastKnownFileType = text.plist.xml; path = Info.plist; sourceTree = "<group>"; };
/* End PBXFileReference section */

/* Begin PBXFrameworksBuildPhase section */
		DE5692E720415D64001B538E /* Frameworks */ = {
			isa = PBXFrameworksBuildPhase;
			buildActionMask = 2147483647;
			files = (
				B195D4EECF2C20C99FECE95C /* Pods_PhotosMaker.framework in Frameworks */,
			);
			runOnlyForDeploymentPostprocessing = 0;
		};
/* End PBXFrameworksBuildPhase section */

/* Begin PBXGroup section */
		795A8D0EBAB0EA97144155A5 /* Pods */ = {
			isa = PBXGroup;
			children = (
				6F0C59B29C196137368A39E2 /* Pods-PhotosMaker.debug.xcconfig */,
				BB3D0B75FD9561C2328190FA /* Pods-PhotosMaker.release.xcconfig */,
			);
			name = Pods;
			sourceTree = "<group>";
		};
		DE5692E120415D64001B538E = {
			isa = PBXGroup;
			children = (
				DE5692EC20415D64001B538E /* PhotosMaker */,
				DE5692EB20415D64001B538E /* Products */,
				795A8D0EBAB0EA97144155A5 /* Pods */,
				EE83040B9AF093EDCE428B2F /* Frameworks */,
			);
			sourceTree = "<group>";
		};
		DE5692EB20415D64001B538E /* Products */ = {
			isa = PBXGroup;
			children = (
				DE5692EA20415D64001B538E /* PhotosMaker.app */,
			);
			name = Products;
			sourceTree = "<group>";
		};
		DE5692EC20415D64001B538E /* PhotosMaker */ = {
			isa = PBXGroup;
			children = (
				DE5692ED20415D64001B538E /* AppDelegate.swift */,
				DE5692EF20415D64001B538E /* ViewController.swift */,
				DE5692F120415D64001B538E /* Main.storyboard */,
				DE5692F420415D64001B538E /* Assets.xcassets */,
				DE5692F620415D64001B538E /* LaunchScreen.storyboard */,
				DE5692F920415D64001B538E /* Info.plist */,
			);
			path = PhotosMaker;
			sourceTree = "<group>";
		};
		EE83040B9AF093EDCE428B2F /* Frameworks */ = {
			isa = PBXGroup;
			children = (
				13B3A8015D158CD1099D12C0 /* Pods_PhotosMaker.framework */,
			);
			name = Frameworks;
			sourceTree = "<group>";
		};
/* End PBXGroup section */

/* Begin PBXNativeTarget section */
		DE5692E920415D64001B538E /* PhotosMaker */ = {
			isa = PBXNativeTarget;
			buildConfigurationList = DE5692FC20415D64001B538E /* Build configuration list for PBXNativeTarget "PhotosMaker" */;
			buildPhases = (
				AB093CC63F053C63686B0CD2 /* [CP] Check Pods Manifest.lock */,
				DE5692E620415D64001B538E /* Sources */,
				DE5692E720415D64001B538E /* Frameworks */,
				DE5692E820415D64001B538E /* Resources */,
				C370795C294EC803524F7F9C /* [CP] Embed Pods Frameworks */,
				3139F03AE778A33676EF28D6 /* [CP] Copy Pods Resources */,
			);
			buildRules = (
			);
			dependencies = (
			);
			name = PhotosMaker;
			productName = PhotosMaker;
			productReference = DE5692EA20415D64001B538E /* PhotosMaker.app */;
			productType = "com.apple.product-type.application";
		};
/* End PBXNativeTarget section */

/* Begin PBXProject section */
		DE5692E220415D64001B538E /* Project object */ = {
			isa = PBXProject;
			attributes = {
				LastSwiftUpdateCheck = 0920;
				LastUpgradeCheck = 0920;
				ORGANIZATIONNAME = Darsky;
				TargetAttributes = {
					DE5692E920415D64001B538E = {
						CreatedOnToolsVersion = 9.2;
						ProvisioningStyle = Automatic;
					};
				};
			};
			buildConfigurationList = DE5692E520415D64001B538E /* Build configuration list for PBXProject "PhotosMaker" */;
			compatibilityVersion = "Xcode 8.0";
			developmentRegion = en;
			hasScannedForEncodings = 0;
			knownRegions = (
				en,
				Base,
			);
			mainGroup = DE5692E120415D64001B538E;
			productRefGroup = DE5692EB20415D64001B538E /* Products */;
			projectDirPath = "";
			projectRoot = "";
			targets = (
				DE5692E920415D64001B538E /* PhotosMaker */,
			);
		};
/* End PBXProject section */

/* Begin PBXResourcesBuildPhase section */
		DE5692E820415D64001B538E /* Resources */ = {
			isa = PBXResourcesBuildPhase;
			buildActionMask = 2147483647;
			files = (
				DE5692F820415D64001B538E /* LaunchScreen.storyboard in Resources */,
				DE5692F520415D64001B538E /* Assets.xcassets in Resources */,
				DE5692F320415D64001B538E /* Main.storyboard in Resources */,
			);
			runOnlyForDeploymentPostprocessing = 0;
		};
/* End PBXResourcesBuildPhase section */

/* Begin PBXShellScriptBuildPhase section */
		3139F03AE778A33676EF28D6 /* [CP] Copy Pods Resources */ = {
			isa = PBXShellScriptBuildPhase;
			buildActionMask = 2147483647;
			files = (
			);
			inputPaths = (
			);
			name = "[CP] Copy Pods Resources";
			outputPaths = (
			);
			runOnlyForDeploymentPostprocessing = 0;
			shellPath = /bin/sh;
			shellScript = "\"${SRCROOT}/Pods/Target Support Files/Pods-PhotosMaker/Pods-PhotosMaker-resources.sh\"\n";
			showEnvVarsInLog = 0;
		};
		AB093CC63F053C63686B0CD2 /* [CP] Check Pods Manifest.lock */ = {
			isa = PBXShellScriptBuildPhase;
			buildActionMask = 2147483647;
			files = (
			);
			inputPaths = (
				"${PODS_PODFILE_DIR_PATH}/Podfile.lock",
				"${PODS_ROOT}/Manifest.lock",
			);
			name = "[CP] Check Pods Manifest.lock";
			outputPaths = (
				"$(DERIVED_FILE_DIR)/Pods-PhotosMaker-checkManifestLockResult.txt",
			);
			runOnlyForDeploymentPostprocessing = 0;
			shellPath = /bin/sh;
			shellScript = "diff \"${PODS_PODFILE_DIR_PATH}/Podfile.lock\" \"${PODS_ROOT}/Manifest.lock\" > /dev/null\nif [ $? != 0 ] ; then\n    # print error to STDERR\n    echo \"error: The sandbox is not in sync with the Podfile.lock. Run 'pod install' or update your CocoaPods installation.\" >&2\n    exit 1\nfi\n# This output is used by Xcode 'outputs' to avoid re-running this script phase.\necho \"SUCCESS\" > \"${SCRIPT_OUTPUT_FILE_0}\"\n";
			showEnvVarsInLog = 0;
		};
		C370795C294EC803524F7F9C /* [CP] Embed Pods Frameworks */ = {
			isa = PBXShellScriptBuildPhase;
			buildActionMask = 2147483647;
			files = (
			);
			inputPaths = (
				"${SRCROOT}/Pods/Target Support Files/Pods-PhotosMaker/Pods-PhotosMaker-frameworks.sh",
				"${BUILT_PRODUCTS_DIR}/MBProgressHUD/MBProgressHUD.framework",
			);
			name = "[CP] Embed Pods Frameworks";
			outputPaths = (
				"${TARGET_BUILD_DIR}/${FRAMEWORKS_FOLDER_PATH}/MBProgressHUD.framework",
			);
			runOnlyForDeploymentPostprocessing = 0;
			shellPath = /bin/sh;
			shellScript = "\"${SRCROOT}/Pods/Target Support Files/Pods-PhotosMaker/Pods-PhotosMaker-frameworks.sh\"\n";
			showEnvVarsInLog = 0;
		};
/* End PBXShellScriptBuildPhase section */

/* Begin PBXSourcesBuildPhase section */
		DE5692E620415D64001B538E /* Sources */ = {
			isa = PBXSourcesBuildPhase;
			buildActionMask = 2147483647;
			files = (
				DE5692F020415D64001B538E /* ViewController.swift in Sources */,
				DE5692EE20415D64001B538E /* AppDelegate.swift in Sources */,
			);
			runOnlyForDeploymentPostprocessing = 0;
		};
/* End PBXSourcesBuildPhase section */

/* Begin PBXVariantGroup section */
		DE5692F120415D64001B538E /* Main.storyboard */ = {
			isa = PBXVariantGroup;
			children = (
				DE5692F220415D64001B538E /* Base */,
			);
			name = Main.storyboard;
			sourceTree = "<group>";
		};
		DE5692F620415D64001B538E /* LaunchScreen.storyboard */ = {
			isa = PBXVariantGroup;
			children = (
				DE5692F720415D64001B538E /* Base */,
			);
			name = LaunchScreen.storyboard;
			sourceTree = "<group>";
		};
/* End PBXVariantGroup section */

/* Begin XCBuildConfiguration section */
		DE5692FA20415D64001B538E /* Debug */ = {
			isa = XCBuildConfiguration;
			buildSettings = {
				ALWAYS_SEARCH_USER_PATHS = NO;
				CLANG_ANALYZER_NONNULL = YES;
				CLANG_ANALYZER_NUMBER_OBJECT_CONVERSION = YES_AGGRESSIVE;
				CLANG_CXX_LANGUAGE_STANDARD = "gnu++14";
				CLANG_CXX_LIBRARY = "libc++";
				CLANG_ENABLE_MODULES = YES;
				CLANG_ENABLE_OBJC_ARC = YES;
				CLANG_WARN_BLOCK_CAPTURE_AUTORELEASING = YES;
				CLANG_WARN_BOOL_CONVERSION = YES;
				CLANG_WARN_COMMA = YES;
				CLANG_WARN_CONSTANT_CONVERSION = YES;
				CLANG_WARN_DIRECT_OBJC_ISA_USAGE = YES_ERROR;
				CLANG_WARN_DOCUMENTATION_COMMENTS = YES;
				CLANG_WARN_EMPTY_BODY = YES;
				CLANG_WARN_ENUM_CONVERSION = YES;
				CLANG_WARN_INFINITE_RECURSION = YES;
				CLANG_WARN_INT_CONVERSION = YES;
				CLANG_WARN_NON_LITERAL_NULL_CONVERSION = YES;
				CLANG_WARN_OBJC_LITERAL_CONVERSION = YES;
				CLANG_WARN_OBJC_ROOT_CLASS = YES_ERROR;
				CLANG_WARN_RANGE_LOOP_ANALYSIS = YES;
				CLANG_WARN_STRICT_PROTOTYPES = YES;
				CLANG_WARN_SUSPICIOUS_MOVE = YES;
				CLANG_WARN_UNGUARDED_AVAILABILITY = YES_AGGRESSIVE;
				CLANG_WARN_UNREACHABLE_CODE = YES;
				CLANG_WARN__DUPLICATE_METHOD_MATCH = YES;
				CODE_SIGN_IDENTITY = "iPhone Developer";
				COPY_PHASE_STRIP = NO;
				DEBUG_INFORMATION_FORMAT = dwarf;
				ENABLE_STRICT_OBJC_MSGSEND = YES;
				ENABLE_TESTABILITY = YES;
				GCC_C_LANGUAGE_STANDARD = gnu11;
				GCC_DYNAMIC_NO_PIC = NO;
				GCC_NO_COMMON_BLOCKS = YES;
				GCC_OPTIMIZATION_LEVEL = 0;
				GCC_PREPROCESSOR_DEFINITIONS = (
					"DEBUG=1",
					"$(inherited)",
				);
				GCC_WARN_64_TO_32_BIT_CONVERSION = YES;
				GCC_WARN_ABOUT_RETURN_TYPE = YES_ERROR;
				GCC_WARN_UNDECLARED_SELECTOR = YES;
				GCC_WARN_UNINITIALIZED_AUTOS = YES_AGGRESSIVE;
				GCC_WARN_UNUSED_FUNCTION = YES;
				GCC_WARN_UNUSED_VARIABLE = YES;
				IPHONEOS_DEPLOYMENT_TARGET = 11.2;
				MTL_ENABLE_DEBUG_INFO = YES;
				ONLY_ACTIVE_ARCH = YES;
				SDKROOT = iphoneos;
				SWIFT_ACTIVE_COMPILATION_CONDITIONS = DEBUG;
				SWIFT_OPTIMIZATION_LEVEL = "-Onone";
			};
			name = Debug;
		};
		DE5692FB20415D64001B538E /* Release */ = {
			isa = XCBuildConfiguration;
			buildSettings = {
				ALWAYS_SEARCH_USER_PATHS = NO;
				CLANG_ANALYZER_NONNULL = YES;
				CLANG_ANALYZER_NUMBER_OBJECT_CONVERSION = YES_AGGRESSIVE;
				CLANG_CXX_LANGUAGE_STANDARD = "gnu++14";
				CLANG_CXX_LIBRARY = "libc++";
				CLANG_ENABLE_MODULES = YES;
				CLANG_ENABLE_OBJC_ARC = YES;
				CLANG_WARN_BLOCK_CAPTURE_AUTORELEASING = YES;
				CLANG_WARN_BOOL_CONVERSION = YES;
				CLANG_WARN_COMMA = YES;
				CLANG_WARN_CONSTANT_CONVERSION = YES;
				CLANG_WARN_DIRECT_OBJC_ISA_USAGE = YES_ERROR;
				CLANG_WARN_DOCUMENTATION_COMMENTS = YES;
				CLANG_WARN_EMPTY_BODY = YES;
				CLANG_WARN_ENUM_CONVERSION = YES;
				CLANG_WARN_INFINITE_RECURSION = YES;
				CLANG_WARN_INT_CONVERSION = YES;
				CLANG_WARN_NON_LITERAL_NULL_CONVERSION = YES;
				CLANG_WARN_OBJC_LITERAL_CONVERSION = YES;
				CLANG_WARN_OBJC_ROOT_CLASS = YES_ERROR;
				CLANG_WARN_RANGE_LOOP_ANALYSIS = YES;
				CLANG_WARN_STRICT_PROTOTYPES = YES;
				CLANG_WARN_SUSPICIOUS_MOVE = YES;
				CLANG_WARN_UNGUARDED_AVAILABILITY = YES_AGGRESSIVE;
				CLANG_WARN_UNREACHABLE_CODE = YES;
				CLANG_WARN__DUPLICATE_METHOD_MATCH = YES;
				CODE_SIGN_IDENTITY = "iPhone Developer";
				COPY_PHASE_STRIP = NO;
				DEBUG_INFORMATION_FORMAT = "dwarf-with-dsym";
				ENABLE_NS_ASSERTIONS = NO;
				ENABLE_STRICT_OBJC_MSGSEND = YES;
				GCC_C_LANGUAGE_STANDARD = gnu11;
				GCC_NO_COMMON_BLOCKS = YES;
				GCC_WARN_64_TO_32_BIT_CONVERSION = YES;
				GCC_WARN_ABOUT_RETURN_TYPE = YES_ERROR;
				GCC_WARN_UNDECLARED_SELECTOR = YES;
				GCC_WARN_UNINITIALIZED_AUTOS = YES_AGGRESSIVE;
				GCC_WARN_UNUSED_FUNCTION = YES;
				GCC_WARN_UNUSED_VARIABLE = YES;
				IPHONEOS_DEPLOYMENT_TARGET = 11.2;
				MTL_ENABLE_DEBUG_INFO = NO;
				SDKROOT = iphoneos;
				SWIFT_OPTIMIZATION_LEVEL = "-Owholemodule";
				VALIDATE_PRODUCT = YES;
			};
			name = Release;
		};
		DE5692FD20415D64001B538E /* Debug */ = {
			isa = XCBuildConfiguration;
			baseConfigurationReference = 6F0C59B29C196137368A39E2 /* Pods-PhotosMaker.debug.xcconfig */;
			buildSettings = {
				ASSETCATALOG_COMPILER_APPICON_NAME = AppIcon;
				CODE_SIGN_STYLE = Automatic;
				DEVELOPMENT_TEAM = 954K52NUN2;
				INFOPLIST_FILE = PhotosMaker/Info.plist;
				LD_RUNPATH_SEARCH_PATHS = "$(inherited) @executable_path/Frameworks";
				PRODUCT_BUNDLE_IDENTIFIER = PigPopcorn.PhotosMaker;
				PRODUCT_NAME = "$(TARGET_NAME)";
				SWIFT_VERSION = 4.0;
				TARGETED_DEVICE_FAMILY = "1,2";
			};
			name = Debug;
		};
		DE5692FE20415D64001B538E /* Release */ = {
			isa = XCBuildConfiguration;
			baseConfigurationReference = BB3D0B75FD9561C2328190FA /* Pods-PhotosMaker.release.xcconfig */;
			buildSettings = {
				ASSETCATALOG_COMPILER_APPICON_NAME = AppIcon;
				CODE_SIGN_STYLE = Automatic;
				DEVELOPMENT_TEAM = 954K52NUN2;
				INFOPLIST_FILE = PhotosMaker/Info.plist;
				LD_RUNPATH_SEARCH_PATHS = "$(inherited) @executable_path/Frameworks";
				PRODUCT_BUNDLE_IDENTIFIER = PigPopcorn.PhotosMaker;
				PRODUCT_NAME = "$(TARGET_NAME)";
				SWIFT_VERSION = 4.0;
				TARGETED_DEVICE_FAMILY = "1,2";
			};
			name = Release;
		};
/* End XCBuildConfiguration section */

/* Begin XCConfigurationList section */
		DE5692E520415D64001B538E /* Build configuration list for PBXProject "PhotosMaker" */ = {
			isa = XCConfigurationList;
			buildConfigurations = (
				DE5692FA20415D64001B538E /* Debug */,
				DE5692FB20415D64001B538E /* Release */,
			);
			defaultConfigurationIsVisible = 0;
			defaultConfigurationName = Release;
		};
		DE5692FC20415D64001B538E /* Build configuration list for PBXNativeTarget "PhotosMaker" */ = {
			isa = XCConfigurationList;
			buildConfigurations = (
				DE5692FD20415D64001B538E /* Debug */,
				DE5692FE20415D64001B538E /* Release */,
			);
			defaultConfigurationIsVisible = 0;
			defaultConfigurationName = Release;
		};
/* End XCConfigurationList section */
	};
	rootObject = DE5692E220415D64001B538E /* Project object */;
}
